
Microsoft Visual Studio Solution File, Format Version 12.00
# Visual Studio Version 17
VisualStudioVersion = 17.4.33213.308
MinimumVisualStudioVersion = 10.0.40219.1
Project("{FAE04EC0-301F-11D3-BF4B-00C04F79EFBC}") = "Disaheim", "Disaheim.csproj", "{6145A44F-DD6A-4472-8489-0B38AEE27538}"
EndProject
Global
	GlobalSection(SolutionConfigurationPlatforms) = preSolution
		Debug|Any CPU = Debug|Any CPU
		Release|Any CPU = Release|Any CPU
	EndGlobalSection
	GlobalSection(ProjectConfigurationPlatforms) = postSolution
		{6145A44F-DD6A-4472-8489-0B38AEE27538}.Debug|Any CPU.ActiveCfg = Debug|Any CPU
		{6145A44F-DD6A-4472-8489-0B38AEE27538}.Debug|Any CPU.Build.0 = Debug|Any CPU
		{6145A44F-DD6A-4472-8489-0B38AEE27538}.Release|Any CPU.ActiveCfg = Release|Any CPU
		{6145A44F-DD6A-4472-8489-0B38AEE27538}.Release|Any CPU.Build.0 = Release|Any CPU
	EndGlobalSection
	GlobalSection(SolutionProperties) = preSolution
		HideSolutionNode = FALSE
	EndGlobalSection
	GlobalSection(ExtensibilityGlobals) = postSolution
		SolutionGuid = {F0063306-C71F-4BA7-A35A-196D41091CE2}
	EndGlobalSection
EndGlobal
